
Microsoft Visual Studio Solution File, Format Version 12.00
# Visual Studio Version 17
VisualStudioVersion = 17.13.35931.197 d17.13
MinimumVisualStudioVersion = 10.0.40219.1
Project("{FAE04EC0-301F-11D3-BF4B-00C04F79EFBC}") = "SB INFOTECH", "SB INFOTECH\SB INFOTECH.csproj", "{5671CFDE-BD0F-4303-8BA3-F15CA5ECB4A8}"
EndProject
Global
	GlobalSection(SolutionConfigurationPlatforms) = preSolution
		Debug|Any CPU = Debug|Any CPU
		Release|Any CPU = Release|Any CPU
	EndGlobalSection
	GlobalSection(ProjectConfigurationPlatforms) = postSolution
		{5671CFDE-BD0F-4303-8BA3-F15CA5ECB4A8}.Debug|Any CPU.ActiveCfg = Debug|Any CPU
		{5671CFDE-BD0F-4303-8BA3-F15CA5ECB4A8}.Debug|Any CPU.Build.0 = Debug|Any CPU
		{5671CFDE-BD0F-4303-8BA3-F15CA5ECB4A8}.Release|Any CPU.ActiveCfg = Release|Any CPU
		{5671CFDE-BD0F-4303-8BA3-F15CA5ECB4A8}.Release|Any CPU.Build.0 = Release|Any CPU
	EndGlobalSection
	GlobalSection(SolutionProperties) = preSolution
		HideSolutionNode = FALSE
	EndGlobalSection
	GlobalSection(ExtensibilityGlobals) = postSolution
		SolutionGuid = {6D59EA03-6B8D-4117-ACAB-C753B2C61A34}
	EndGlobalSection
EndGlobal
